
Microsoft Visual Studio Solution File, Format Version 12.00
# Visual Studio 14
VisualStudioVersion = 14.0.23107.0
MinimumVisualStudioVersion = 10.0.40219.1
Project("{2150E333-8FDC-42A3-9474-1A3956D46DE8}") = "Solution Items", "Solution Items", "{412C064D-654C-4F03-B645-FA55927247E2}"
	ProjectSection(SolutionItems) = preProject
		FMSC.Sampling.vsmdi = FMSC.Sampling.vsmdi
		LocalTestRun.testrunconfig = LocalTestRun.testrunconfig
	EndProjectSection
EndProject
Project("{FAE04EC0-301F-11D3-BF4B-00C04F79EFBC}") = "FMSC.Sampling.VS15", "FMSC.Sampling\FMSC.Sampling.VS15.csproj", "{4097B6D6-D317-4169-9219-43E1AC4DC1F7}"
EndProject
Project("{FAE04EC0-301F-11D3-BF4B-00C04F79EFBC}") = "Sampling.Test.VS15", "Sampling.Test\Sampling.Test.VS15.csproj", "{D7225D79-6092-4819-B435-A415A02DF6FE}"
EndProject
Global
	GlobalSection(SubversionScc) = preSolution
		Svn-Managed = True
		Manager = AnkhSVN - Subversion Support for Visual Studio
	EndGlobalSection
	GlobalSection(SolutionConfigurationPlatforms) = preSolution
		Debug|Any CPU = Debug|Any CPU
		Release|Any CPU = Release|Any CPU
	EndGlobalSection
	GlobalSection(ProjectConfigurationPlatforms) = postSolution
		{4097B6D6-D317-4169-9219-43E1AC4DC1F7}.Debug|Any CPU.ActiveCfg = Debug|Any CPU
		{4097B6D6-D317-4169-9219-43E1AC4DC1F7}.Debug|Any CPU.Build.0 = Debug|Any CPU
		{4097B6D6-D317-4169-9219-43E1AC4DC1F7}.Release|Any CPU.ActiveCfg = Release|Any CPU
		{4097B6D6-D317-4169-9219-43E1AC4DC1F7}.Release|Any CPU.Build.0 = Release|Any CPU
		{D7225D79-6092-4819-B435-A415A02DF6FE}.Debug|Any CPU.ActiveCfg = Debug|Any CPU
		{D7225D79-6092-4819-B435-A415A02DF6FE}.Debug|Any CPU.Build.0 = Debug|Any CPU
		{D7225D79-6092-4819-B435-A415A02DF6FE}.Release|Any CPU.ActiveCfg = Release|Any CPU
		{D7225D79-6092-4819-B435-A415A02DF6FE}.Release|Any CPU.Build.0 = Release|Any CPU
	EndGlobalSection
	GlobalSection(SolutionProperties) = preSolution
		HideSolutionNode = FALSE
	EndGlobalSection
	GlobalSection(TestCaseManagementSettings) = postSolution
		CategoryFile = FMSC.Sampling2.vsmdi
	EndGlobalSection
EndGlobal
