
Microsoft Visual Studio Solution File, Format Version 12.00
# Visual Studio 14
VisualStudioVersion = 14.0.25420.1
MinimumVisualStudioVersion = 10.0.40219.1
Project("{FAE04EC0-301F-11D3-BF4B-00C04F79EFBC}") = "FMSC.Sampling.VS15", "src\FMSC.Sampling\FMSC.Sampling.VS15.csproj", "{4097B6D6-D317-4169-9219-43E1AC4DC1F7}"
EndProject
Project("{FAE04EC0-301F-11D3-BF4B-00C04F79EFBC}") = "Sampling.Test.VS15", "src\Sampling.Test\Sampling.Test.VS15.csproj", "{D7225D79-6092-4819-B435-A415A02DF6FE}"
EndProject
Project("{FAE04EC0-301F-11D3-BF4B-00C04F79EFBC}") = "FMSC.Sampling.PCL", "src\FMSC.Sampling.PCL\FMSC.Sampling.PCL.csproj", "{B2CB186C-9319-43D0-A694-FB566E083C58}"
EndProject
Project("{D954291E-2A0B-460D-934E-DC6B0785DB48}") = "FMSC.Sampling", "src\FMSC.Sampling\FMSC.Sampling.shproj", "{C82ED91A-73C8-4855-8A14-4263E82E5694}"
EndProject
Global
	GlobalSection(SharedMSBuildProjectFiles) = preSolution
		src\FMSC.Sampling\FMSC.Sampling.projitems*{b2cb186c-9319-43d0-a694-fb566e083c58}*SharedItemsImports = 4
		src\FMSC.Sampling\FMSC.Sampling.projitems*{c82ed91a-73c8-4855-8a14-4263e82e5694}*SharedItemsImports = 13
	EndGlobalSection
	GlobalSection(SolutionConfigurationPlatforms) = preSolution
		Debug|Any CPU = Debug|Any CPU
		Debug|x86 = Debug|x86
		Release|Any CPU = Release|Any CPU
		Release|x86 = Release|x86
	EndGlobalSection
	GlobalSection(ProjectConfigurationPlatforms) = postSolution
		{4097B6D6-D317-4169-9219-43E1AC4DC1F7}.Debug|Any CPU.ActiveCfg = Debug|Any CPU
		{4097B6D6-D317-4169-9219-43E1AC4DC1F7}.Debug|Any CPU.Build.0 = Debug|Any CPU
		{4097B6D6-D317-4169-9219-43E1AC4DC1F7}.Debug|x86.ActiveCfg = Debug|Any CPU
		{4097B6D6-D317-4169-9219-43E1AC4DC1F7}.Debug|x86.Build.0 = Debug|Any CPU
		{4097B6D6-D317-4169-9219-43E1AC4DC1F7}.Release|Any CPU.ActiveCfg = Release|Any CPU
		{4097B6D6-D317-4169-9219-43E1AC4DC1F7}.Release|Any CPU.Build.0 = Release|Any CPU
		{4097B6D6-D317-4169-9219-43E1AC4DC1F7}.Release|x86.ActiveCfg = Release|Any CPU
		{4097B6D6-D317-4169-9219-43E1AC4DC1F7}.Release|x86.Build.0 = Release|Any CPU
		{D7225D79-6092-4819-B435-A415A02DF6FE}.Debug|Any CPU.ActiveCfg = Debug|Any CPU
		{D7225D79-6092-4819-B435-A415A02DF6FE}.Debug|Any CPU.Build.0 = Debug|Any CPU
		{D7225D79-6092-4819-B435-A415A02DF6FE}.Debug|x86.ActiveCfg = Debug|Any CPU
		{D7225D79-6092-4819-B435-A415A02DF6FE}.Debug|x86.Build.0 = Debug|Any CPU
		{D7225D79-6092-4819-B435-A415A02DF6FE}.Release|Any CPU.ActiveCfg = Release|Any CPU
		{D7225D79-6092-4819-B435-A415A02DF6FE}.Release|Any CPU.Build.0 = Release|Any CPU
		{D7225D79-6092-4819-B435-A415A02DF6FE}.Release|x86.ActiveCfg = Release|Any CPU
		{D7225D79-6092-4819-B435-A415A02DF6FE}.Release|x86.Build.0 = Release|Any CPU
		{B2CB186C-9319-43D0-A694-FB566E083C58}.Debug|Any CPU.ActiveCfg = Debug|Any CPU
		{B2CB186C-9319-43D0-A694-FB566E083C58}.Debug|Any CPU.Build.0 = Debug|Any CPU
		{B2CB186C-9319-43D0-A694-FB566E083C58}.Debug|x86.ActiveCfg = Debug|Any CPU
		{B2CB186C-9319-43D0-A694-FB566E083C58}.Debug|x86.Build.0 = Debug|Any CPU
		{B2CB186C-9319-43D0-A694-FB566E083C58}.Release|Any CPU.ActiveCfg = Release|Any CPU
		{B2CB186C-9319-43D0-A694-FB566E083C58}.Release|Any CPU.Build.0 = Release|Any CPU
		{B2CB186C-9319-43D0-A694-FB566E083C58}.Release|x86.ActiveCfg = Release|Any CPU
		{B2CB186C-9319-43D0-A694-FB566E083C58}.Release|x86.Build.0 = Release|Any CPU
	EndGlobalSection
	GlobalSection(SolutionProperties) = preSolution
		HideSolutionNode = FALSE
	EndGlobalSection
EndGlobal
