
Microsoft Visual Studio Solution File, Format Version 10.00
# Visual Studio 2008
Project("{FAE04EC0-301F-11D3-BF4B-00C04F79EFBC}") = "FMSC.Sampling_CF20", "src\FMSC.Sampling\FMSC.Sampling_CF20.csproj", "{932C2341-A331-4B7C-8BC9-9D3491F1821B}"
EndProject
Project("{FAE04EC0-301F-11D3-BF4B-00C04F79EFBC}") = "Sampling.Test", "src\Sampling.Test\Sampling.Test.csproj", "{D7225D79-6092-4819-B435-A415A02DF6FE}"
EndProject
Global
	GlobalSection(SubversionScc) = preSolution
		Svn-Managed = True
		Manager = AnkhSVN - Subversion Support for Visual Studio
	EndGlobalSection
	GlobalSection(SolutionConfigurationPlatforms) = preSolution
		Debug|Any CPU = Debug|Any CPU
		Release|Any CPU = Release|Any CPU
	EndGlobalSection
	GlobalSection(ProjectConfigurationPlatforms) = postSolution
		{932C2341-A331-4B7C-8BC9-9D3491F1821B}.Debug|Any CPU.ActiveCfg = Debug|Any CPU
		{932C2341-A331-4B7C-8BC9-9D3491F1821B}.Debug|Any CPU.Build.0 = Debug|Any CPU
		{932C2341-A331-4B7C-8BC9-9D3491F1821B}.Release|Any CPU.ActiveCfg = Release|Any CPU
		{932C2341-A331-4B7C-8BC9-9D3491F1821B}.Release|Any CPU.Build.0 = Release|Any CPU
		{D7225D79-6092-4819-B435-A415A02DF6FE}.Debug|Any CPU.ActiveCfg = Debug|Any CPU
		{D7225D79-6092-4819-B435-A415A02DF6FE}.Debug|Any CPU.Build.0 = Debug|Any CPU
		{D7225D79-6092-4819-B435-A415A02DF6FE}.Release|Any CPU.ActiveCfg = Release|Any CPU
		{D7225D79-6092-4819-B435-A415A02DF6FE}.Release|Any CPU.Build.0 = Release|Any CPU
	EndGlobalSection
	GlobalSection(SolutionProperties) = preSolution
		HideSolutionNode = FALSE
	EndGlobalSection
EndGlobal
